
Microsoft Visual Studio Solution File, Format Version 12.00
# Visual Studio Version 17
Project("{8BC9CEB8-8B4A-11D0-8D11-00A0C91BC942}") = "RaylibImGui3DSnake", "RaylibImGui3DSnake.vcxproj", "{2C378998-181B-4AEE-817B-44416D7E3470}"
EndProject
Global
	GlobalSection(SolutionConfigurationPlatforms) = preSolution
		Debug|x64 = Debug|x64
		Release|x64 = Release|x64
	EndGlobalSection
	GlobalSection(ProjectConfigurationPlatforms) = postSolution
		{2C378998-181B-4AEE-817B-44416D7E3470}.Debug|x64.ActiveCfg = Debug|x64
		{2C378998-181B-4AEE-817B-44416D7E3470}.Debug|x64.Build.0 = Debug|x64
		{2C378998-181B-4AEE-817B-44416D7E3470}.Release|x64.ActiveCfg = Release|x64
		{2C378998-181B-4AEE-817B-44416D7E3470}.Release|x64.Build.0 = Release|x64
	EndGlobalSection
	GlobalSection(SolutionProperties) = preSolution
		HideSolutionNode = FALSE
	EndGlobalSection
EndGlobal
