<?xml version="1.0" encoding="utf-8"?>
<Project ToolsVersion="4.0" xmlns="http://schemas.microsoft.com/developer/msbuild/2003">
  <ItemGroup>
    <Filter Include="vendor">
      <UniqueIdentifier>{B3738122-9F15-ACF8-88D0-BF4C74113349}</UniqueIdentifier>
    </Filter>
    <Filter Include="vendor\imgui">
      <UniqueIdentifier>{5D3BD0F0-499E-5F95-F223-984BDE652B18}</UniqueIdentifier>
    </Filter>
    <Filter Include="vendor\rlImGui">
      <UniqueIdentifier>{7BBD1F16-678B-131C-501F-84423C8CEF80}</UniqueIdentifier>
    </Filter>
  </ItemGroup>
  <ItemGroup>
    <ClInclude Include="vendor\imgui\imconfig.h">
      <Filter>vendor\imgui</Filter>
    </ClInclude>
    <ClInclude Include="vendor\imgui\imgui.h">
      <Filter>vendor\imgui</Filter>
    </ClInclude>
    <ClInclude Include="vendor\imgui\imgui_internal.h">
      <Filter>vendor\imgui</Filter>
    </ClInclude>
    <ClInclude Include="vendor\imgui\imstb_rectpack.h">
      <Filter>vendor\imgui</Filter>
    </ClInclude>
    <ClInclude Include="vendor\imgui\imstb_textedit.h">
      <Filter>vendor\imgui</Filter>
    </ClInclude>
    <ClInclude Include="vendor\imgui\imstb_truetype.h">
      <Filter>vendor\imgui</Filter>
    </ClInclude>
    <ClInclude Include="vendor\rlImGui\rlImGui.h">
      <Filter>vendor\rlImGui</Filter>
    </ClInclude>
    <ClInclude Include="features\soundsystem\CSoundSystem.h" />
    <ClInclude Include="features\physics\CPhysics.h" />
    <ClInclude Include="features\entity\CEntity.h" />
    <ClInclude Include="features\entity\player\CPlayer.h" />
    <ClInclude Include="UI\menu\CMenu.h" />
    <ClInclude Include="features\movement\CMovement.h" />
    <ClInclude Include="features\entitylist\CEntityList.h" />
    <ClInclude Include="features\map\CMap.h" />
    <ClInclude Include="features\vhs\CVHSEffect.h" />
    <ClInclude Include="features\entity\bot\CBot.h" />
    <ClInclude Include="utils\raytrace\CRayTrace.h" />
    <ClInclude Include="utils\CRenderUtils.h" />
  </ItemGroup>
  <ItemGroup>
    <ClCompile Include="features\soundsystem\CSoundSystem.cpp" />
    <ClCompile Include="utils\CRenderUtils.cpp" />
    <ClCompile Include="main.cpp" />
    <ClCompile Include="vendor\imgui\imgui.cpp">
      <Filter>vendor\imgui</Filter>
    </ClCompile>
    <ClCompile Include="vendor\imgui\imgui_demo.cpp">
      <Filter>vendor\imgui</Filter>
    </ClCompile>
    <ClCompile Include="vendor\imgui\imgui_draw.cpp">
      <Filter>vendor\imgui</Filter>
    </ClCompile>
    <ClCompile Include="vendor\imgui\imgui_tables.cpp">
      <Filter>vendor\imgui</Filter>
    </ClCompile>
    <ClCompile Include="vendor\imgui\imgui_widgets.cpp">
      <Filter>vendor\imgui</Filter>
    </ClCompile>
    <ClCompile Include="vendor\rlImGui\rlImGui.cpp">
      <Filter>vendor\rlImGui</Filter>
    </ClCompile>
    <ClCompile Include="features\physics\CPhysics.cpp" />
    <ClCompile Include="features\entity\CEntity.cpp" />
    <ClCompile Include="features\entity\player\CPlayer.cpp" />
    <ClCompile Include="UI\menu\CMenu.cpp" />
    <ClCompile Include="features\movement\CMovement.cpp" />
    <ClCompile Include="features\entitylist\CEntityList.cpp" />
    <ClCompile Include="features\map\CMap.cpp" />
    <ClCompile Include="features\vhs\CVHSEffect.cpp" />
    <ClCompile Include="features\entity\bot\CBot.cpp" />
    <ClCompile Include="utils\raytrace\CRayTrace.cpp" />
  </ItemGroup>
</Project>